# @generated by Move, please check-in and do not edit manually.

[move]
version = 2
manifest_digest = "732F3F57F8A71B270C3A671BC9FCC2FB5F9C8BACF321CA0709EA6CE3EABD11B9"
deps_digest = "F8BBB0CCB2491CA29A3DF03D6F92277A4F3574266507ACD77214D37ECA3F3082"
dependencies = [
  { name = "Sui" },
]

[[move.package]]
name = "MoveStdlib"
source = { git = "https://github.com/MystenLabs/sui.git", rev = "framework/devnet", subdir = "crates/sui-framework/packages/move-stdlib" }

[[move.package]]
name = "Sui"
source = { git = "https://github.com/MystenLabs/sui.git", rev = "framework/devnet", subdir = "crates/sui-framework/packages/sui-framework" }

dependencies = [
  { name = "MoveStdlib" },
]

[move.toolchain-version]
compiler-version = "1.25.0"
edition = "legacy"
flavor = "sui"

[env]

[env.devnet]
chain-id = "f4950f51"
original-published-id = "0x8b7bea1a42c6db4b3a3c60791df0206265c5c46301963754b2597c1fa294d047"
latest-published-id = "0x8b7bea1a42c6db4b3a3c60791df0206265c5c46301963754b2597c1fa294d047"
published-version = "1"
